
Microsoft Visual Studio Solution File, Format Version 12.00
# Visual Studio 2013
VisualStudioVersion = 12.0.31101.0
MinimumVisualStudioVersion = 10.0.40219.1
Project("{FAE04EC0-301F-11D3-BF4B-00C04F79EFBC}") = "01, NumbersFrom1toN", "NumbersFrom1toN\01, NumbersFrom1toN.csproj", "{86278272-FE78-448A-B1C9-9ABD6CD9B8ED}"
EndProject
Project("{FAE04EC0-301F-11D3-BF4B-00C04F79EFBC}") = "02. NumbersNotDivisibleBy3And 7", "NumbersNotDivisibleBy3And 7\02. NumbersNotDivisibleBy3And 7.csproj", "{49BF16BE-C683-460E-A2BC-2D7C36EC0886}"
EndProject
Project("{FAE04EC0-301F-11D3-BF4B-00C04F79EFBC}") = "03. MinMaxSumAndAverageOfNNumbers", "MinMaxSumAndAverageOfNNumbers\03. MinMaxSumAndAverageOfNNumbers.csproj", "{0CE7E8BA-2946-4DAD-9D59-CFE7BBF193D8}"
EndProject
Project("{FAE04EC0-301F-11D3-BF4B-00C04F79EFBC}") = "04. PrintADeckOf52Cards", "PrintADeckOf52Cards\04. PrintADeckOf52Cards.csproj", "{69EA1A6E-315A-4D21-A9D0-E615CF6B88E1}"
EndProject
Project("{FAE04EC0-301F-11D3-BF4B-00C04F79EFBC}") = "05. Calculate1", "Calculate\05. Calculate1.csproj", "{0EAB10CE-EB8C-4A60-A13B-8707DA4A0960}"
EndProject
Project("{FAE04EC0-301F-11D3-BF4B-00C04F79EFBC}") = "06. Calculate2", "Calculate1\06. Calculate2.csproj", "{32A2A372-4F9D-4FFA-BCE5-60849946BFB9}"
EndProject
Project("{FAE04EC0-301F-11D3-BF4B-00C04F79EFBC}") = "07. Calculate3", "Calculate3\07. Calculate3.csproj", "{709461F9-73E5-4313-8108-45A06F705AF6}"
EndProject
Project("{FAE04EC0-301F-11D3-BF4B-00C04F79EFBC}") = "08. CatalanNumbers", "CatalanNumbers\08. CatalanNumbers.csproj", "{3057A718-0F63-43FA-BF9D-4E3735120B4B}"
EndProject
Project("{FAE04EC0-301F-11D3-BF4B-00C04F79EFBC}") = "09. MatrixOfNumbers", "MatrixOfNumbers\09. MatrixOfNumbers.csproj", "{BFD5399A-6E79-495D-A203-D5455CB61CB8}"
EndProject
Project("{FAE04EC0-301F-11D3-BF4B-00C04F79EFBC}") = "10. OddAndEvenProduct", "OddAndEvenProduct\10. OddAndEvenProduct.csproj", "{0022B3D6-1914-47D1-8D94-8F420CD2C4F3}"
EndProject
Project("{FAE04EC0-301F-11D3-BF4B-00C04F79EFBC}") = "11. RandomNumbersInGivenRange", "RandomNumbersInGivenRange\11. RandomNumbersInGivenRange.csproj", "{418166E6-C2E3-4DC6-A776-E8D2467031ED}"
EndProject
Project("{FAE04EC0-301F-11D3-BF4B-00C04F79EFBC}") = "12. RandomizeTheNumbers", "RandomizeTheNumbers\12. RandomizeTheNumbers.csproj", "{3072662C-8CEF-49B9-B58D-3DCE2459A6D1}"
EndProject
Project("{FAE04EC0-301F-11D3-BF4B-00C04F79EFBC}") = "13. BinaryToDecimalNumber", "BinnaryToDecimalNumber\13. BinaryToDecimalNumber.csproj", "{4D1974B6-D5D2-41E5-BF9F-F20F69727E72}"
EndProject
Project("{FAE04EC0-301F-11D3-BF4B-00C04F79EFBC}") = "14. DecimalToBinary", "DecToBin\14. DecimalToBinary.csproj", "{2CDF7B6D-6F0E-4F3B-93B4-77FCC56F7BDF}"
EndProject
Project("{FAE04EC0-301F-11D3-BF4B-00C04F79EFBC}") = "15. HexadecimalToDecimal", "HexadecimalToDecimal\15. HexadecimalToDecimal.csproj", "{B97024CE-341E-4043-A562-E83F444F76FA}"
EndProject
Project("{FAE04EC0-301F-11D3-BF4B-00C04F79EFBC}") = "16. DecimalToHexadecimal", "DecimalToHexadecimal\16. DecimalToHexadecimal.csproj", "{04FAE670-7423-4208-B8CD-021F591F7BA8}"
EndProject
Project("{FAE04EC0-301F-11D3-BF4B-00C04F79EFBC}") = "17. CalculateGCD", "CalculateGCD\17. CalculateGCD.csproj", "{F2D0E93D-5C5B-478C-945B-7440C073ECEE}"
EndProject
Project("{FAE04EC0-301F-11D3-BF4B-00C04F79EFBC}") = "18. TrailingZeroesInN", "TrailingZeroesInN\18. TrailingZeroesInN.csproj", "{3DC87A68-7948-41C4-B449-A906F6F7CA28}"
EndProject
Project("{FAE04EC0-301F-11D3-BF4B-00C04F79EFBC}") = "19. SpiralMatrix", "SpiralMatrix\19. SpiralMatrix.csproj", "{FDF210E0-7561-42C5-A04F-B57A3488933E}"
EndProject
Global
	GlobalSection(SolutionConfigurationPlatforms) = preSolution
		Debug|Any CPU = Debug|Any CPU
		Debug|ARM = Debug|ARM
		Debug|x64 = Debug|x64
		Debug|x86 = Debug|x86
		Release|Any CPU = Release|Any CPU
		Release|ARM = Release|ARM
		Release|x64 = Release|x64
		Release|x86 = Release|x86
	EndGlobalSection
	GlobalSection(ProjectConfigurationPlatforms) = postSolution
		{86278272-FE78-448A-B1C9-9ABD6CD9B8ED}.Debug|Any CPU.ActiveCfg = Debug|Any CPU
		{86278272-FE78-448A-B1C9-9ABD6CD9B8ED}.Debug|Any CPU.Build.0 = Debug|Any CPU
		{86278272-FE78-448A-B1C9-9ABD6CD9B8ED}.Debug|ARM.ActiveCfg = Debug|Any CPU
		{86278272-FE78-448A-B1C9-9ABD6CD9B8ED}.Debug|x64.ActiveCfg = Debug|Any CPU
		{86278272-FE78-448A-B1C9-9ABD6CD9B8ED}.Debug|x86.ActiveCfg = Debug|Any CPU
		{86278272-FE78-448A-B1C9-9ABD6CD9B8ED}.Release|Any CPU.ActiveCfg = Release|Any CPU
		{86278272-FE78-448A-B1C9-9ABD6CD9B8ED}.Release|Any CPU.Build.0 = Release|Any CPU
		{86278272-FE78-448A-B1C9-9ABD6CD9B8ED}.Release|ARM.ActiveCfg = Release|Any CPU
		{86278272-FE78-448A-B1C9-9ABD6CD9B8ED}.Release|x64.ActiveCfg = Release|Any CPU
		{86278272-FE78-448A-B1C9-9ABD6CD9B8ED}.Release|x86.ActiveCfg = Release|Any CPU
		{49BF16BE-C683-460E-A2BC-2D7C36EC0886}.Debug|Any CPU.ActiveCfg = Debug|Any CPU
		{49BF16BE-C683-460E-A2BC-2D7C36EC0886}.Debug|Any CPU.Build.0 = Debug|Any CPU
		{49BF16BE-C683-460E-A2BC-2D7C36EC0886}.Debug|ARM.ActiveCfg = Debug|Any CPU
		{49BF16BE-C683-460E-A2BC-2D7C36EC0886}.Debug|x64.ActiveCfg = Debug|Any CPU
		{49BF16BE-C683-460E-A2BC-2D7C36EC0886}.Debug|x86.ActiveCfg = Debug|Any CPU
		{49BF16BE-C683-460E-A2BC-2D7C36EC0886}.Release|Any CPU.ActiveCfg = Release|Any CPU
		{49BF16BE-C683-460E-A2BC-2D7C36EC0886}.Release|Any CPU.Build.0 = Release|Any CPU
		{49BF16BE-C683-460E-A2BC-2D7C36EC0886}.Release|ARM.ActiveCfg = Release|Any CPU
		{49BF16BE-C683-460E-A2BC-2D7C36EC0886}.Release|x64.ActiveCfg = Release|Any CPU
		{49BF16BE-C683-460E-A2BC-2D7C36EC0886}.Release|x86.ActiveCfg = Release|Any CPU
		{0CE7E8BA-2946-4DAD-9D59-CFE7BBF193D8}.Debug|Any CPU.ActiveCfg = Debug|Any CPU
		{0CE7E8BA-2946-4DAD-9D59-CFE7BBF193D8}.Debug|Any CPU.Build.0 = Debug|Any CPU
		{0CE7E8BA-2946-4DAD-9D59-CFE7BBF193D8}.Debug|ARM.ActiveCfg = Debug|Any CPU
		{0CE7E8BA-2946-4DAD-9D59-CFE7BBF193D8}.Debug|x64.ActiveCfg = Debug|Any CPU
		{0CE7E8BA-2946-4DAD-9D59-CFE7BBF193D8}.Debug|x86.ActiveCfg = Debug|Any CPU
		{0CE7E8BA-2946-4DAD-9D59-CFE7BBF193D8}.Release|Any CPU.ActiveCfg = Release|Any CPU
		{0CE7E8BA-2946-4DAD-9D59-CFE7BBF193D8}.Release|Any CPU.Build.0 = Release|Any CPU
		{0CE7E8BA-2946-4DAD-9D59-CFE7BBF193D8}.Release|ARM.ActiveCfg = Release|Any CPU
		{0CE7E8BA-2946-4DAD-9D59-CFE7BBF193D8}.Release|x64.ActiveCfg = Release|Any CPU
		{0CE7E8BA-2946-4DAD-9D59-CFE7BBF193D8}.Release|x86.ActiveCfg = Release|Any CPU
		{69EA1A6E-315A-4D21-A9D0-E615CF6B88E1}.Debug|Any CPU.ActiveCfg = Debug|Any CPU
		{69EA1A6E-315A-4D21-A9D0-E615CF6B88E1}.Debug|Any CPU.Build.0 = Debug|Any CPU
		{69EA1A6E-315A-4D21-A9D0-E615CF6B88E1}.Debug|ARM.ActiveCfg = Debug|Any CPU
		{69EA1A6E-315A-4D21-A9D0-E615CF6B88E1}.Debug|x64.ActiveCfg = Debug|Any CPU
		{69EA1A6E-315A-4D21-A9D0-E615CF6B88E1}.Debug|x86.ActiveCfg = Debug|Any CPU
		{69EA1A6E-315A-4D21-A9D0-E615CF6B88E1}.Release|Any CPU.ActiveCfg = Release|Any CPU
		{69EA1A6E-315A-4D21-A9D0-E615CF6B88E1}.Release|Any CPU.Build.0 = Release|Any CPU
		{69EA1A6E-315A-4D21-A9D0-E615CF6B88E1}.Release|ARM.ActiveCfg = Release|Any CPU
		{69EA1A6E-315A-4D21-A9D0-E615CF6B88E1}.Release|x64.ActiveCfg = Release|Any CPU
		{69EA1A6E-315A-4D21-A9D0-E615CF6B88E1}.Release|x86.ActiveCfg = Release|Any CPU
		{0EAB10CE-EB8C-4A60-A13B-8707DA4A0960}.Debug|Any CPU.ActiveCfg = Debug|Any CPU
		{0EAB10CE-EB8C-4A60-A13B-8707DA4A0960}.Debug|Any CPU.Build.0 = Debug|Any CPU
		{0EAB10CE-EB8C-4A60-A13B-8707DA4A0960}.Debug|ARM.ActiveCfg = Debug|Any CPU
		{0EAB10CE-EB8C-4A60-A13B-8707DA4A0960}.Debug|x64.ActiveCfg = Debug|Any CPU
		{0EAB10CE-EB8C-4A60-A13B-8707DA4A0960}.Debug|x86.ActiveCfg = Debug|Any CPU
		{0EAB10CE-EB8C-4A60-A13B-8707DA4A0960}.Release|Any CPU.ActiveCfg = Release|Any CPU
		{0EAB10CE-EB8C-4A60-A13B-8707DA4A0960}.Release|Any CPU.Build.0 = Release|Any CPU
		{0EAB10CE-EB8C-4A60-A13B-8707DA4A0960}.Release|ARM.ActiveCfg = Release|Any CPU
		{0EAB10CE-EB8C-4A60-A13B-8707DA4A0960}.Release|x64.ActiveCfg = Release|Any CPU
		{0EAB10CE-EB8C-4A60-A13B-8707DA4A0960}.Release|x86.ActiveCfg = Release|Any CPU
		{32A2A372-4F9D-4FFA-BCE5-60849946BFB9}.Debug|Any CPU.ActiveCfg = Debug|Any CPU
		{32A2A372-4F9D-4FFA-BCE5-60849946BFB9}.Debug|Any CPU.Build.0 = Debug|Any CPU
		{32A2A372-4F9D-4FFA-BCE5-60849946BFB9}.Debug|ARM.ActiveCfg = Debug|Any CPU
		{32A2A372-4F9D-4FFA-BCE5-60849946BFB9}.Debug|x64.ActiveCfg = Debug|Any CPU
		{32A2A372-4F9D-4FFA-BCE5-60849946BFB9}.Debug|x86.ActiveCfg = Debug|Any CPU
		{32A2A372-4F9D-4FFA-BCE5-60849946BFB9}.Release|Any CPU.ActiveCfg = Release|Any CPU
		{32A2A372-4F9D-4FFA-BCE5-60849946BFB9}.Release|Any CPU.Build.0 = Release|Any CPU
		{32A2A372-4F9D-4FFA-BCE5-60849946BFB9}.Release|ARM.ActiveCfg = Release|Any CPU
		{32A2A372-4F9D-4FFA-BCE5-60849946BFB9}.Release|x64.ActiveCfg = Release|Any CPU
		{32A2A372-4F9D-4FFA-BCE5-60849946BFB9}.Release|x86.ActiveCfg = Release|Any CPU
		{709461F9-73E5-4313-8108-45A06F705AF6}.Debug|Any CPU.ActiveCfg = Debug|Any CPU
		{709461F9-73E5-4313-8108-45A06F705AF6}.Debug|Any CPU.Build.0 = Debug|Any CPU
		{709461F9-73E5-4313-8108-45A06F705AF6}.Debug|ARM.ActiveCfg = Debug|Any CPU
		{709461F9-73E5-4313-8108-45A06F705AF6}.Debug|x64.ActiveCfg = Debug|Any CPU
		{709461F9-73E5-4313-8108-45A06F705AF6}.Debug|x86.ActiveCfg = Debug|Any CPU
		{709461F9-73E5-4313-8108-45A06F705AF6}.Release|Any CPU.ActiveCfg = Release|Any CPU
		{709461F9-73E5-4313-8108-45A06F705AF6}.Release|Any CPU.Build.0 = Release|Any CPU
		{709461F9-73E5-4313-8108-45A06F705AF6}.Release|ARM.ActiveCfg = Release|Any CPU
		{709461F9-73E5-4313-8108-45A06F705AF6}.Release|x64.ActiveCfg = Release|Any CPU
		{709461F9-73E5-4313-8108-45A06F705AF6}.Release|x86.ActiveCfg = Release|Any CPU
		{3057A718-0F63-43FA-BF9D-4E3735120B4B}.Debug|Any CPU.ActiveCfg = Debug|Any CPU
		{3057A718-0F63-43FA-BF9D-4E3735120B4B}.Debug|Any CPU.Build.0 = Debug|Any CPU
		{3057A718-0F63-43FA-BF9D-4E3735120B4B}.Debug|ARM.ActiveCfg = Debug|Any CPU
		{3057A718-0F63-43FA-BF9D-4E3735120B4B}.Debug|x64.ActiveCfg = Debug|Any CPU
		{3057A718-0F63-43FA-BF9D-4E3735120B4B}.Debug|x86.ActiveCfg = Debug|Any CPU
		{3057A718-0F63-43FA-BF9D-4E3735120B4B}.Release|Any CPU.ActiveCfg = Release|Any CPU
		{3057A718-0F63-43FA-BF9D-4E3735120B4B}.Release|Any CPU.Build.0 = Release|Any CPU
		{3057A718-0F63-43FA-BF9D-4E3735120B4B}.Release|ARM.ActiveCfg = Release|Any CPU
		{3057A718-0F63-43FA-BF9D-4E3735120B4B}.Release|x64.ActiveCfg = Release|Any CPU
		{3057A718-0F63-43FA-BF9D-4E3735120B4B}.Release|x86.ActiveCfg = Release|Any CPU
		{BFD5399A-6E79-495D-A203-D5455CB61CB8}.Debug|Any CPU.ActiveCfg = Debug|Any CPU
		{BFD5399A-6E79-495D-A203-D5455CB61CB8}.Debug|Any CPU.Build.0 = Debug|Any CPU
		{BFD5399A-6E79-495D-A203-D5455CB61CB8}.Debug|ARM.ActiveCfg = Debug|Any CPU
		{BFD5399A-6E79-495D-A203-D5455CB61CB8}.Debug|x64.ActiveCfg = Debug|Any CPU
		{BFD5399A-6E79-495D-A203-D5455CB61CB8}.Debug|x86.ActiveCfg = Debug|Any CPU
		{BFD5399A-6E79-495D-A203-D5455CB61CB8}.Release|Any CPU.ActiveCfg = Release|Any CPU
		{BFD5399A-6E79-495D-A203-D5455CB61CB8}.Release|Any CPU.Build.0 = Release|Any CPU
		{BFD5399A-6E79-495D-A203-D5455CB61CB8}.Release|ARM.ActiveCfg = Release|Any CPU
		{BFD5399A-6E79-495D-A203-D5455CB61CB8}.Release|x64.ActiveCfg = Release|Any CPU
		{BFD5399A-6E79-495D-A203-D5455CB61CB8}.Release|x86.ActiveCfg = Release|Any CPU
		{0022B3D6-1914-47D1-8D94-8F420CD2C4F3}.Debug|Any CPU.ActiveCfg = Debug|Any CPU
		{0022B3D6-1914-47D1-8D94-8F420CD2C4F3}.Debug|Any CPU.Build.0 = Debug|Any CPU
		{0022B3D6-1914-47D1-8D94-8F420CD2C4F3}.Debug|ARM.ActiveCfg = Debug|Any CPU
		{0022B3D6-1914-47D1-8D94-8F420CD2C4F3}.Debug|x64.ActiveCfg = Debug|Any CPU
		{0022B3D6-1914-47D1-8D94-8F420CD2C4F3}.Debug|x86.ActiveCfg = Debug|Any CPU
		{0022B3D6-1914-47D1-8D94-8F420CD2C4F3}.Release|Any CPU.ActiveCfg = Release|Any CPU
		{0022B3D6-1914-47D1-8D94-8F420CD2C4F3}.Release|Any CPU.Build.0 = Release|Any CPU
		{0022B3D6-1914-47D1-8D94-8F420CD2C4F3}.Release|ARM.ActiveCfg = Release|Any CPU
		{0022B3D6-1914-47D1-8D94-8F420CD2C4F3}.Release|x64.ActiveCfg = Release|Any CPU
		{0022B3D6-1914-47D1-8D94-8F420CD2C4F3}.Release|x86.ActiveCfg = Release|Any CPU
		{418166E6-C2E3-4DC6-A776-E8D2467031ED}.Debug|Any CPU.ActiveCfg = Debug|Any CPU
		{418166E6-C2E3-4DC6-A776-E8D2467031ED}.Debug|Any CPU.Build.0 = Debug|Any CPU
		{418166E6-C2E3-4DC6-A776-E8D2467031ED}.Debug|ARM.ActiveCfg = Debug|Any CPU
		{418166E6-C2E3-4DC6-A776-E8D2467031ED}.Debug|x64.ActiveCfg = Debug|Any CPU
		{418166E6-C2E3-4DC6-A776-E8D2467031ED}.Debug|x86.ActiveCfg = Debug|Any CPU
		{418166E6-C2E3-4DC6-A776-E8D2467031ED}.Release|Any CPU.ActiveCfg = Release|Any CPU
		{418166E6-C2E3-4DC6-A776-E8D2467031ED}.Release|Any CPU.Build.0 = Release|Any CPU
		{418166E6-C2E3-4DC6-A776-E8D2467031ED}.Release|ARM.ActiveCfg = Release|Any CPU
		{418166E6-C2E3-4DC6-A776-E8D2467031ED}.Release|x64.ActiveCfg = Release|Any CPU
		{418166E6-C2E3-4DC6-A776-E8D2467031ED}.Release|x86.ActiveCfg = Release|Any CPU
		{3072662C-8CEF-49B9-B58D-3DCE2459A6D1}.Debug|Any CPU.ActiveCfg = Debug|Any CPU
		{3072662C-8CEF-49B9-B58D-3DCE2459A6D1}.Debug|Any CPU.Build.0 = Debug|Any CPU
		{3072662C-8CEF-49B9-B58D-3DCE2459A6D1}.Debug|ARM.ActiveCfg = Debug|Any CPU
		{3072662C-8CEF-49B9-B58D-3DCE2459A6D1}.Debug|x64.ActiveCfg = Debug|Any CPU
		{3072662C-8CEF-49B9-B58D-3DCE2459A6D1}.Debug|x86.ActiveCfg = Debug|Any CPU
		{3072662C-8CEF-49B9-B58D-3DCE2459A6D1}.Release|Any CPU.ActiveCfg = Release|Any CPU
		{3072662C-8CEF-49B9-B58D-3DCE2459A6D1}.Release|Any CPU.Build.0 = Release|Any CPU
		{3072662C-8CEF-49B9-B58D-3DCE2459A6D1}.Release|ARM.ActiveCfg = Release|Any CPU
		{3072662C-8CEF-49B9-B58D-3DCE2459A6D1}.Release|x64.ActiveCfg = Release|Any CPU
		{3072662C-8CEF-49B9-B58D-3DCE2459A6D1}.Release|x86.ActiveCfg = Release|Any CPU
		{4D1974B6-D5D2-41E5-BF9F-F20F69727E72}.Debug|Any CPU.ActiveCfg = Debug|Any CPU
		{4D1974B6-D5D2-41E5-BF9F-F20F69727E72}.Debug|Any CPU.Build.0 = Debug|Any CPU
		{4D1974B6-D5D2-41E5-BF9F-F20F69727E72}.Debug|ARM.ActiveCfg = Debug|Any CPU
		{4D1974B6-D5D2-41E5-BF9F-F20F69727E72}.Debug|x64.ActiveCfg = Debug|Any CPU
		{4D1974B6-D5D2-41E5-BF9F-F20F69727E72}.Debug|x86.ActiveCfg = Debug|Any CPU
		{4D1974B6-D5D2-41E5-BF9F-F20F69727E72}.Release|Any CPU.ActiveCfg = Release|Any CPU
		{4D1974B6-D5D2-41E5-BF9F-F20F69727E72}.Release|Any CPU.Build.0 = Release|Any CPU
		{4D1974B6-D5D2-41E5-BF9F-F20F69727E72}.Release|ARM.ActiveCfg = Release|Any CPU
		{4D1974B6-D5D2-41E5-BF9F-F20F69727E72}.Release|x64.ActiveCfg = Release|Any CPU
		{4D1974B6-D5D2-41E5-BF9F-F20F69727E72}.Release|x86.ActiveCfg = Release|Any CPU
		{2CDF7B6D-6F0E-4F3B-93B4-77FCC56F7BDF}.Debug|Any CPU.ActiveCfg = Debug|Any CPU
		{2CDF7B6D-6F0E-4F3B-93B4-77FCC56F7BDF}.Debug|Any CPU.Build.0 = Debug|Any CPU
		{2CDF7B6D-6F0E-4F3B-93B4-77FCC56F7BDF}.Debug|ARM.ActiveCfg = Debug|Any CPU
		{2CDF7B6D-6F0E-4F3B-93B4-77FCC56F7BDF}.Debug|x64.ActiveCfg = Debug|Any CPU
		{2CDF7B6D-6F0E-4F3B-93B4-77FCC56F7BDF}.Debug|x86.ActiveCfg = Debug|Any CPU
		{2CDF7B6D-6F0E-4F3B-93B4-77FCC56F7BDF}.Release|Any CPU.ActiveCfg = Release|Any CPU
		{2CDF7B6D-6F0E-4F3B-93B4-77FCC56F7BDF}.Release|Any CPU.Build.0 = Release|Any CPU
		{2CDF7B6D-6F0E-4F3B-93B4-77FCC56F7BDF}.Release|ARM.ActiveCfg = Release|Any CPU
		{2CDF7B6D-6F0E-4F3B-93B4-77FCC56F7BDF}.Release|x64.ActiveCfg = Release|Any CPU
		{2CDF7B6D-6F0E-4F3B-93B4-77FCC56F7BDF}.Release|x86.ActiveCfg = Release|Any CPU
		{B97024CE-341E-4043-A562-E83F444F76FA}.Debug|Any CPU.ActiveCfg = Debug|Any CPU
		{B97024CE-341E-4043-A562-E83F444F76FA}.Debug|Any CPU.Build.0 = Debug|Any CPU
		{B97024CE-341E-4043-A562-E83F444F76FA}.Debug|ARM.ActiveCfg = Debug|Any CPU
		{B97024CE-341E-4043-A562-E83F444F76FA}.Debug|x64.ActiveCfg = Debug|Any CPU
		{B97024CE-341E-4043-A562-E83F444F76FA}.Debug|x86.ActiveCfg = Debug|Any CPU
		{B97024CE-341E-4043-A562-E83F444F76FA}.Release|Any CPU.ActiveCfg = Release|Any CPU
		{B97024CE-341E-4043-A562-E83F444F76FA}.Release|Any CPU.Build.0 = Release|Any CPU
		{B97024CE-341E-4043-A562-E83F444F76FA}.Release|ARM.ActiveCfg = Release|Any CPU
		{B97024CE-341E-4043-A562-E83F444F76FA}.Release|x64.ActiveCfg = Release|Any CPU
		{B97024CE-341E-4043-A562-E83F444F76FA}.Release|x86.ActiveCfg = Release|Any CPU
		{04FAE670-7423-4208-B8CD-021F591F7BA8}.Debug|Any CPU.ActiveCfg = Debug|Any CPU
		{04FAE670-7423-4208-B8CD-021F591F7BA8}.Debug|Any CPU.Build.0 = Debug|Any CPU
		{04FAE670-7423-4208-B8CD-021F591F7BA8}.Debug|ARM.ActiveCfg = Debug|Any CPU
		{04FAE670-7423-4208-B8CD-021F591F7BA8}.Debug|x64.ActiveCfg = Debug|Any CPU
		{04FAE670-7423-4208-B8CD-021F591F7BA8}.Debug|x86.ActiveCfg = Debug|Any CPU
		{04FAE670-7423-4208-B8CD-021F591F7BA8}.Release|Any CPU.ActiveCfg = Release|Any CPU
		{04FAE670-7423-4208-B8CD-021F591F7BA8}.Release|Any CPU.Build.0 = Release|Any CPU
		{04FAE670-7423-4208-B8CD-021F591F7BA8}.Release|ARM.ActiveCfg = Release|Any CPU
		{04FAE670-7423-4208-B8CD-021F591F7BA8}.Release|x64.ActiveCfg = Release|Any CPU
		{04FAE670-7423-4208-B8CD-021F591F7BA8}.Release|x86.ActiveCfg = Release|Any CPU
		{F2D0E93D-5C5B-478C-945B-7440C073ECEE}.Debug|Any CPU.ActiveCfg = Debug|Any CPU
		{F2D0E93D-5C5B-478C-945B-7440C073ECEE}.Debug|Any CPU.Build.0 = Debug|Any CPU
		{F2D0E93D-5C5B-478C-945B-7440C073ECEE}.Debug|ARM.ActiveCfg = Debug|Any CPU
		{F2D0E93D-5C5B-478C-945B-7440C073ECEE}.Debug|x64.ActiveCfg = Debug|Any CPU
		{F2D0E93D-5C5B-478C-945B-7440C073ECEE}.Debug|x86.ActiveCfg = Debug|Any CPU
		{F2D0E93D-5C5B-478C-945B-7440C073ECEE}.Release|Any CPU.ActiveCfg = Release|Any CPU
		{F2D0E93D-5C5B-478C-945B-7440C073ECEE}.Release|Any CPU.Build.0 = Release|Any CPU
		{F2D0E93D-5C5B-478C-945B-7440C073ECEE}.Release|ARM.ActiveCfg = Release|Any CPU
		{F2D0E93D-5C5B-478C-945B-7440C073ECEE}.Release|x64.ActiveCfg = Release|Any CPU
		{F2D0E93D-5C5B-478C-945B-7440C073ECEE}.Release|x86.ActiveCfg = Release|Any CPU
		{3DC87A68-7948-41C4-B449-A906F6F7CA28}.Debug|Any CPU.ActiveCfg = Debug|Any CPU
		{3DC87A68-7948-41C4-B449-A906F6F7CA28}.Debug|Any CPU.Build.0 = Debug|Any CPU
		{3DC87A68-7948-41C4-B449-A906F6F7CA28}.Debug|ARM.ActiveCfg = Debug|Any CPU
		{3DC87A68-7948-41C4-B449-A906F6F7CA28}.Debug|x64.ActiveCfg = Debug|Any CPU
		{3DC87A68-7948-41C4-B449-A906F6F7CA28}.Debug|x86.ActiveCfg = Debug|Any CPU
		{3DC87A68-7948-41C4-B449-A906F6F7CA28}.Release|Any CPU.ActiveCfg = Release|Any CPU
		{3DC87A68-7948-41C4-B449-A906F6F7CA28}.Release|Any CPU.Build.0 = Release|Any CPU
		{3DC87A68-7948-41C4-B449-A906F6F7CA28}.Release|ARM.ActiveCfg = Release|Any CPU
		{3DC87A68-7948-41C4-B449-A906F6F7CA28}.Release|x64.ActiveCfg = Release|Any CPU
		{3DC87A68-7948-41C4-B449-A906F6F7CA28}.Release|x86.ActiveCfg = Release|Any CPU
		{FDF210E0-7561-42C5-A04F-B57A3488933E}.Debug|Any CPU.ActiveCfg = Debug|Any CPU
		{FDF210E0-7561-42C5-A04F-B57A3488933E}.Debug|Any CPU.Build.0 = Debug|Any CPU
		{FDF210E0-7561-42C5-A04F-B57A3488933E}.Debug|ARM.ActiveCfg = Debug|Any CPU
		{FDF210E0-7561-42C5-A04F-B57A3488933E}.Debug|x64.ActiveCfg = Debug|Any CPU
		{FDF210E0-7561-42C5-A04F-B57A3488933E}.Debug|x86.ActiveCfg = Debug|Any CPU
		{FDF210E0-7561-42C5-A04F-B57A3488933E}.Release|Any CPU.ActiveCfg = Release|Any CPU
		{FDF210E0-7561-42C5-A04F-B57A3488933E}.Release|Any CPU.Build.0 = Release|Any CPU
		{FDF210E0-7561-42C5-A04F-B57A3488933E}.Release|ARM.ActiveCfg = Release|Any CPU
		{FDF210E0-7561-42C5-A04F-B57A3488933E}.Release|x64.ActiveCfg = Release|Any CPU
		{FDF210E0-7561-42C5-A04F-B57A3488933E}.Release|x86.ActiveCfg = Release|Any CPU
	EndGlobalSection
	GlobalSection(SolutionProperties) = preSolution
		HideSolutionNode = FALSE
	EndGlobalSection
EndGlobal
