
Microsoft Visual Studio Solution File, Format Version 12.00
# Visual Studio 2013
VisualStudioVersion = 12.0.31101.0
MinimumVisualStudioVersion = 10.0.40219.1
Project("{FAE04EC0-301F-11D3-BF4B-00C04F79EFBC}") = "SimpleMaths", "SimpleMaths\SimpleMaths.csproj", "{17557E44-6572-4ABB-8119-9E2E223EEB66}"
EndProject
Project("{FAE04EC0-301F-11D3-BF4B-00C04F79EFBC}") = "AdvancedMaths", "AdvancedMaths\AdvancedMaths.csproj", "{B6C981F3-67F2-4CE6-B931-0647C7FBF94E}"
EndProject
Global
	GlobalSection(SolutionConfigurationPlatforms) = preSolution
		Debug|Any CPU = Debug|Any CPU
		Release|Any CPU = Release|Any CPU
	EndGlobalSection
	GlobalSection(ProjectConfigurationPlatforms) = postSolution
		{17557E44-6572-4ABB-8119-9E2E223EEB66}.Debug|Any CPU.ActiveCfg = Debug|Any CPU
		{17557E44-6572-4ABB-8119-9E2E223EEB66}.Debug|Any CPU.Build.0 = Debug|Any CPU
		{17557E44-6572-4ABB-8119-9E2E223EEB66}.Release|Any CPU.ActiveCfg = Release|Any CPU
		{17557E44-6572-4ABB-8119-9E2E223EEB66}.Release|Any CPU.Build.0 = Release|Any CPU
		{B6C981F3-67F2-4CE6-B931-0647C7FBF94E}.Debug|Any CPU.ActiveCfg = Debug|Any CPU
		{B6C981F3-67F2-4CE6-B931-0647C7FBF94E}.Debug|Any CPU.Build.0 = Debug|Any CPU
		{B6C981F3-67F2-4CE6-B931-0647C7FBF94E}.Release|Any CPU.ActiveCfg = Release|Any CPU
		{B6C981F3-67F2-4CE6-B931-0647C7FBF94E}.Release|Any CPU.Build.0 = Release|Any CPU
	EndGlobalSection
	GlobalSection(SolutionProperties) = preSolution
		HideSolutionNode = FALSE
	EndGlobalSection
EndGlobal
