
Microsoft Visual Studio Solution File, Format Version 12.00
# Visual Studio 2013
VisualStudioVersion = 12.0.31101.0
MinimumVisualStudioVersion = 10.0.40219.1
Project("{FAE04EC0-301F-11D3-BF4B-00C04F79EFBC}") = "01. StudentClass", "CommonTypeSystem\01. StudentClass.csproj", "{F6B43660-EE74-4EDF-A0D3-171313C64752}"
EndProject
Project("{FAE04EC0-301F-11D3-BF4B-00C04F79EFBC}") = "04. PersonClass", "PersonClass\04. PersonClass.csproj", "{9897845C-056C-456E-BA3D-B9F836F63831}"
EndProject
Project("{FAE04EC0-301F-11D3-BF4B-00C04F79EFBC}") = "05. 64BitArray", "64BitArray\05. 64BitArray.csproj", "{E327492A-5F20-4ABC-92AC-A1043AEC6FBD}"
EndProject
Global
	GlobalSection(SolutionConfigurationPlatforms) = preSolution
		Debug|Any CPU = Debug|Any CPU
		Release|Any CPU = Release|Any CPU
	EndGlobalSection
	GlobalSection(ProjectConfigurationPlatforms) = postSolution
		{F6B43660-EE74-4EDF-A0D3-171313C64752}.Debug|Any CPU.ActiveCfg = Debug|Any CPU
		{F6B43660-EE74-4EDF-A0D3-171313C64752}.Debug|Any CPU.Build.0 = Debug|Any CPU
		{F6B43660-EE74-4EDF-A0D3-171313C64752}.Release|Any CPU.ActiveCfg = Release|Any CPU
		{F6B43660-EE74-4EDF-A0D3-171313C64752}.Release|Any CPU.Build.0 = Release|Any CPU
		{9897845C-056C-456E-BA3D-B9F836F63831}.Debug|Any CPU.ActiveCfg = Debug|Any CPU
		{9897845C-056C-456E-BA3D-B9F836F63831}.Debug|Any CPU.Build.0 = Debug|Any CPU
		{9897845C-056C-456E-BA3D-B9F836F63831}.Release|Any CPU.ActiveCfg = Release|Any CPU
		{9897845C-056C-456E-BA3D-B9F836F63831}.Release|Any CPU.Build.0 = Release|Any CPU
		{E327492A-5F20-4ABC-92AC-A1043AEC6FBD}.Debug|Any CPU.ActiveCfg = Debug|Any CPU
		{E327492A-5F20-4ABC-92AC-A1043AEC6FBD}.Debug|Any CPU.Build.0 = Debug|Any CPU
		{E327492A-5F20-4ABC-92AC-A1043AEC6FBD}.Release|Any CPU.ActiveCfg = Release|Any CPU
		{E327492A-5F20-4ABC-92AC-A1043AEC6FBD}.Release|Any CPU.Build.0 = Release|Any CPU
	EndGlobalSection
	GlobalSection(SolutionProperties) = preSolution
		HideSolutionNode = FALSE
	EndGlobalSection
EndGlobal
