
Microsoft Visual Studio Solution File, Format Version 12.00
# Visual Studio 2013
VisualStudioVersion = 12.0.31101.0
MinimumVisualStudioVersion = 10.0.40219.1
Project("{FAE04EC0-301F-11D3-BF4B-00C04F79EFBC}") = "01. SchoolClasses", "SchoolClasses\01. SchoolClasses.csproj", "{6F1122C1-741C-4E57-AF7F-305DE921A253}"
EndProject
Project("{FAE04EC0-301F-11D3-BF4B-00C04F79EFBC}") = "02. StudentsAndWorkers", "StudentsAndWorkers\02. StudentsAndWorkers.csproj", "{C03E9FBB-C387-463F-8526-E1628A8F2D1E}"
EndProject
Project("{FAE04EC0-301F-11D3-BF4B-00C04F79EFBC}") = "03. AnimalHierarchy", "AnimalHierarchy\03. AnimalHierarchy.csproj", "{28CF4AD0-6641-44FF-9BDA-4EB9511D9770}"
EndProject
Global
	GlobalSection(SolutionConfigurationPlatforms) = preSolution
		Debug|Any CPU = Debug|Any CPU
		Release|Any CPU = Release|Any CPU
	EndGlobalSection
	GlobalSection(ProjectConfigurationPlatforms) = postSolution
		{6F1122C1-741C-4E57-AF7F-305DE921A253}.Debug|Any CPU.ActiveCfg = Debug|Any CPU
		{6F1122C1-741C-4E57-AF7F-305DE921A253}.Debug|Any CPU.Build.0 = Debug|Any CPU
		{6F1122C1-741C-4E57-AF7F-305DE921A253}.Release|Any CPU.ActiveCfg = Release|Any CPU
		{6F1122C1-741C-4E57-AF7F-305DE921A253}.Release|Any CPU.Build.0 = Release|Any CPU
		{C03E9FBB-C387-463F-8526-E1628A8F2D1E}.Debug|Any CPU.ActiveCfg = Debug|Any CPU
		{C03E9FBB-C387-463F-8526-E1628A8F2D1E}.Debug|Any CPU.Build.0 = Debug|Any CPU
		{C03E9FBB-C387-463F-8526-E1628A8F2D1E}.Release|Any CPU.ActiveCfg = Release|Any CPU
		{C03E9FBB-C387-463F-8526-E1628A8F2D1E}.Release|Any CPU.Build.0 = Release|Any CPU
		{28CF4AD0-6641-44FF-9BDA-4EB9511D9770}.Debug|Any CPU.ActiveCfg = Debug|Any CPU
		{28CF4AD0-6641-44FF-9BDA-4EB9511D9770}.Debug|Any CPU.Build.0 = Debug|Any CPU
		{28CF4AD0-6641-44FF-9BDA-4EB9511D9770}.Release|Any CPU.ActiveCfg = Release|Any CPU
		{28CF4AD0-6641-44FF-9BDA-4EB9511D9770}.Release|Any CPU.Build.0 = Release|Any CPU
	EndGlobalSection
	GlobalSection(SolutionProperties) = preSolution
		HideSolutionNode = FALSE
	EndGlobalSection
EndGlobal
